
Microsoft Visual Studio Solution File, Format Version 12.00
# Visual Studio 15
VisualStudioVersion = 15.0.27130.2036
MinimumVisualStudioVersion = 10.0.40219.1
Project("{2150E333-8FDC-42A3-9474-1A3956D46DE8}") = "Solution Items", "Solution Items", "{AFBA1E03-1F0F-488C-AA19-721742BA1875}"
EndProject
Project("{9A19103F-16F7-4668-BE54-9A1E7A4F7556}") = "King.Collections", "King.Collections\King.Collections.csproj", "{641EC471-3996-4C1B-8142-64A4CAF58A9A}"
EndProject
Project("{9A19103F-16F7-4668-BE54-9A1E7A4F7556}") = "King.Collections.Test.Unit", "King.Collections.Test.Unit\King.Collections.Test.Unit.csproj", "{551C1857-FD31-415F-9CAC-45A6C5D227EE}"
EndProject
Global
	GlobalSection(SolutionConfigurationPlatforms) = preSolution
		Debug|Any CPU = Debug|Any CPU
		Debug|x64 = Debug|x64
		Release|Any CPU = Release|Any CPU
		Release|x64 = Release|x64
	EndGlobalSection
	GlobalSection(ProjectConfigurationPlatforms) = postSolution
		{641EC471-3996-4C1B-8142-64A4CAF58A9A}.Release|Any CPU.ActiveCfg = Release|Any CPU
		{641EC471-3996-4C1B-8142-64A4CAF58A9A}.Release|Any CPU.Build.0 = Release|Any CPU
		{551C1857-FD31-415F-9CAC-45A6C5D227EE}.Release|Any CPU.ActiveCfg = Release|Any CPU
		{551C1857-FD31-415F-9CAC-45A6C5D227EE}.Release|Any CPU.Build.0 = Release|Any CPU
	EndGlobalSection
	GlobalSection(SolutionProperties) = preSolution
		HideSolutionNode = FALSE
	EndGlobalSection
	GlobalSection(ExtensibilityGlobals) = postSolution
		SolutionGuid = {04415EFE-2BD3-4CF3-AD9A-125F5B182F67}
	EndGlobalSection
EndGlobal
